# THIS IS AN AUTOGENERATED FILE. DO NOT EDIT THIS FILE DIRECTLY.
# yarn lockfile v1


object-assign@^4.1.1:
  version "4.1.1"
  resolved "https://registry.yarnpkg.com/object-assign/-/object-assign-4.1.1.tgz#2109adc7965887cfc05cbbd442cac8bfbb360863"

octicons@^7.3.0:
  version "7.3.0"
  resolved "https://registry.yarnpkg.com/octicons/-/octicons-7.3.0.tgz#ad2612b483cd4da4f655384294787cb2967beb17"
  dependencies:
    object-assign "^4.1.1"
