ai	74e514ef000262527ecbe0344ff5cc59d37d359a
bi	9ffa9136e8681886bb7bd2145cd4098717ce1c11
bs	66fd192fe2085a8255a11b58710f2d9e7f481d02
cg	ad0428df5491082b29a81d64dbdc59b9602cc059
ci	cec1364b5199f55e946a9a8360385a958b98cc60
di	ba75593fdf8d66496676a90cbf127d721f73e961
fa	afecf2af5d897b763e5e8e28d46aad2f710ccad6
fa6	840c215f894f429b26b8c1402a65da835dc5a450
fc	8eccbbbd8b2af1d2c9593e7cfba5ecb0d68ee378
gi	12920d6565588f0512542a3cb0cdfd36a497f910
gr	27ab49949fb663095cccc1a623c872e559ed0642
hi	b6de5792d3d53ff81c71b1b8283463aad622e0e3
hi2	616b7a4dbbf3d011760af8066262cd5c6b3868f3
im	d006795ede82361e1bac1ee76f215cf1dc51e4ca
lia	78a101217707c9b1c4dcf2a821be75684e36307f
md	f3fb4442b2a9afbedfe68bfa1ed80f178ca4f10d
pi	2b75f3ad12b420c9504ef05df8d2564a28f8500e
ri	9fb7967c0a4c09910161192bde99efd3df09f5eb
rx	112af91ad275a63c3a29b0da2588342af74ef9bf
si	3fb0fb241107a0a2839893902db3043882d26bd9
sl	f3ed94dd797bdcab52d6f27ba589aea4bb6f3e4d
tb	6d128ed935d4546607b1e4d5d08c8b27bdbe7758
tfi	9600186b24a7242f0e1e0a186983e6253301bb5d
ti	0aa64f6ce8b892a83aeeafa42c74fb9c1f22ec84
vsc	902299ed46b10a53ca869a4b15824e5f5fb29067
wi	bb80982bf1f43f2d57f9dd753e7413bf88beb9ed
